
Microsoft Visual Studio Solution File, Format Version 12.00
# Visual Studio Version 16
VisualStudioVersion = 16.0.29926.136
MinimumVisualStudioVersion = 10.0.40219.1
Project("{FAE04EC0-301F-11D3-BF4B-00C04F79EFBC}") = "exercicio composição", "exercicio composição\exercicio composição.csproj", "{97946EBE-80F1-4A69-90E7-6CFD9B2ABF85}"
EndProject
Global
	GlobalSection(SolutionConfigurationPlatforms) = preSolution
		Debug|Any CPU = Debug|Any CPU
		Release|Any CPU = Release|Any CPU
	EndGlobalSection
	GlobalSection(ProjectConfigurationPlatforms) = postSolution
		{97946EBE-80F1-4A69-90E7-6CFD9B2ABF85}.Debug|Any CPU.ActiveCfg = Debug|Any CPU
		{97946EBE-80F1-4A69-90E7-6CFD9B2ABF85}.Debug|Any CPU.Build.0 = Debug|Any CPU
		{97946EBE-80F1-4A69-90E7-6CFD9B2ABF85}.Release|Any CPU.ActiveCfg = Release|Any CPU
		{97946EBE-80F1-4A69-90E7-6CFD9B2ABF85}.Release|Any CPU.Build.0 = Release|Any CPU
	EndGlobalSection
	GlobalSection(SolutionProperties) = preSolution
		HideSolutionNode = FALSE
	EndGlobalSection
	GlobalSection(ExtensibilityGlobals) = postSolution
		SolutionGuid = {A2E98BB9-AE76-4F18-A645-121C2650A97B}
	EndGlobalSection
EndGlobal
